// !$*UTF8*$!
{
	archiveVersion = 1;
	classes = {
	};
	objectVersion = 46;
	objects = {

/* Begin PBXBuildFile section */
		363D6E891C56BFD500D25EA7 /* AppDelegate.swift in Sources */ = {isa = PBXBuildFile; fileRef = 363D6E881C56BFD500D25EA7 /* AppDelegate.swift */; };
		363D6E8B1C56BFD500D25EA7 /* ViewController.swift in Sources */ = {isa = PBXBuildFile; fileRef = 363D6E8A1C56BFD500D25EA7 /* ViewController.swift */; };
		363D6E8E1C56BFD500D25EA7 /* Main.storyboard in Resources */ = {isa = PBXBuildFile; fileRef = 363D6E8C1C56BFD500D25EA7 /* Main.storyboard */; };
		363D6E901C56BFD500D25EA7 /* Assets.xcassets in Resources */ = {isa = PBXBuildFile; fileRef = 363D6E8F1C56BFD500D25EA7 /* Assets.xcassets */; };
		363D6E931C56BFD500D25EA7 /* LaunchScreen.storyboard in Resources */ = {isa = PBXBuildFile; fileRef = 363D6E911C56BFD500D25EA7 /* LaunchScreen.storyboard */; };
		363D6E9B1C56C8B500D25EA7 /* ViewModel.swift in Sources */ = {isa = PBXBuildFile; fileRef = 363D6E9A1C56C8B500D25EA7 /* ViewModel.swift */; };
/* End PBXBuildFile section */

/* Begin PBXFileReference section */
		363D6E851C56BFD500D25EA7 /* AVRecorder.app */ = {isa = PBXFileReference; explicitFileType = wrapper.application; includeInIndex = 0; path = AVRecorder.app; sourceTree = BUILT_PRODUCTS_DIR; };
		363D6E881C56BFD500D25EA7 /* AppDelegate.swift */ = {isa = PBXFileReference; lastKnownFileType = sourcecode.swift; path = AppDelegate.swift; sourceTree = "<group>"; };
		363D6E8A1C56BFD500D25EA7 /* ViewController.swift */ = {isa = PBXFileReference; lastKnownFileType = sourcecode.swift; path = ViewController.swift; sourceTree = "<group>"; };
		363D6E8D1C56BFD500D25EA7 /* Base */ = {isa = PBXFileReference; lastKnownFileType = file.storyboard; name = Base; path = Base.lproj/Main.storyboard; sourceTree = "<group>"; };
		363D6E8F1C56BFD500D25EA7 /* Assets.xcassets */ = {isa = PBXFileReference; lastKnownFileType = folder.assetcatalog; path = Assets.xcassets; sourceTree = "<group>"; };
		363D6E921C56BFD500D25EA7 /* Base */ = {isa = PBXFileReference; lastKnownFileType = file.storyboard; name = Base; path = Base.lproj/LaunchScreen.storyboard; sourceTree = "<group>"; };
		363D6E941C56BFD500D25EA7 /* Info.plist */ = {isa = PBXFileReference; lastKnownFileType = text.plist.xml; path = Info.plist; sourceTree = "<group>"; };
		363D6E9A1C56C8B500D25EA7 /* ViewModel.swift */ = {isa = PBXFileReference; fileEncoding = 4; lastKnownFileType = sourcecode.swift; path = ViewModel.swift; sourceTree = "<group>"; };
/* End PBXFileReference section */

/* Begin PBXFrameworksBuildPhase section */
		363D6E821C56BFD500D25EA7 /* Frameworks */ = {
			isa = PBXFrameworksBuildPhase;
			buildActionMask = 2147483647;
			files = (
			);
			runOnlyForDeploymentPostprocessing = 0;
		};
/* End PBXFrameworksBuildPhase section */

/* Begin PBXGroup section */
		363D6E7C1C56BFD500D25EA7 = {
			isa = PBXGroup;
			children = (
				363D6E871C56BFD500D25EA7 /* AVRecorder */,
				363D6E861C56BFD500D25EA7 /* Products */,
			);
			sourceTree = "<group>";
		};
		363D6E861C56BFD500D25EA7 /* Products */ = {
			isa = PBXGroup;
			children = (
				363D6E851C56BFD500D25EA7 /* AVRecorder.app */,
			);
			name = Products;
			sourceTree = "<group>";
		};
		363D6E871C56BFD500D25EA7 /* AVRecorder */ = {
			isa = PBXGroup;
			children = (
				363D6E881C56BFD500D25EA7 /* AppDelegate.swift */,
				363D6E8A1C56BFD500D25EA7 /* ViewController.swift */,
				363D6E9A1C56C8B500D25EA7 /* ViewModel.swift */,
				363D6E8C1C56BFD500D25EA7 /* Main.storyboard */,
				363D6E8F1C56BFD500D25EA7 /* Assets.xcassets */,
				363D6E911C56BFD500D25EA7 /* LaunchScreen.storyboard */,
				363D6E941C56BFD500D25EA7 /* Info.plist */,
			);
			path = AVRecorder;
			sourceTree = "<group>";
		};
/* End PBXGroup section */

/* Begin PBXNativeTarget section */
		363D6E841C56BFD500D25EA7 /* AVRecorder */ = {
			isa = PBXNativeTarget;
			buildConfigurationList = 363D6E971C56BFD500D25EA7 /* Build configuration list for PBXNativeTarget "AVRecorder" */;
			buildPhases = (
				363D6E811C56BFD500D25EA7 /* Sources */,
				363D6E821C56BFD500D25EA7 /* Frameworks */,
				363D6E831C56BFD500D25EA7 /* Resources */,
			);
			buildRules = (
			);
			dependencies = (
			);
			name = AVRecorder;
			productName = AVRecorder;
			productReference = 363D6E851C56BFD500D25EA7 /* AVRecorder.app */;
			productType = "com.apple.product-type.application";
		};
/* End PBXNativeTarget section */

/* Begin PBXProject section */
		363D6E7D1C56BFD500D25EA7 /* Project object */ = {
			isa = PBXProject;
			attributes = {
				LastSwiftUpdateCheck = 0720;
				LastUpgradeCheck = 0720;
				ORGANIZATIONNAME = "Alexis Digital";
				TargetAttributes = {
					363D6E841C56BFD500D25EA7 = {
						CreatedOnToolsVersion = 7.2;
					};
				};
			};
			buildConfigurationList = 363D6E801C56BFD500D25EA7 /* Build configuration list for PBXProject "AVRecorder" */;
			compatibilityVersion = "Xcode 3.2";
			developmentRegion = English;
			hasScannedForEncodings = 0;
			knownRegions = (
				en,
				Base,
			);
			mainGroup = 363D6E7C1C56BFD500D25EA7;
			productRefGroup = 363D6E861C56BFD500D25EA7 /* Products */;
			projectDirPath = "";
			projectRoot = "";
			targets = (
				363D6E841C56BFD500D25EA7 /* AVRecorder */,
			);
		};
/* End PBXProject section */

/* Begin PBXResourcesBuildPhase section */
		363D6E831C56BFD500D25EA7 /* Resources */ = {
			isa = PBXResourcesBuildPhase;
			buildActionMask = 2147483647;
			files = (
				363D6E931C56BFD500D25EA7 /* LaunchScreen.storyboard in Resources */,
				363D6E901C56BFD500D25EA7 /* Assets.xcassets in Resources */,
				363D6E8E1C56BFD500D25EA7 /* Main.storyboard in Resources */,
			);
			runOnlyForDeploymentPostprocessing = 0;
		};
/* End PBXResourcesBuildPhase section */

/* Begin PBXSourcesBuildPhase section */
		363D6E811C56BFD500D25EA7 /* Sources */ = {
			isa = PBXSourcesBuildPhase;
			buildActionMask = 2147483647;
			files = (
				363D6E8B1C56BFD500D25EA7 /* ViewController.swift in Sources */,
				363D6E9B1C56C8B500D25EA7 /* ViewModel.swift in Sources */,
				363D6E891C56BFD500D25EA7 /* AppDelegate.swift in Sources */,
			);
			runOnlyForDeploymentPostprocessing = 0;
		};
/* End PBXSourcesBuildPhase section */

/* Begin PBXVariantGroup section */
		363D6E8C1C56BFD500D25EA7 /* Main.storyboard */ = {
			isa = PBXVariantGroup;
			children = (
				363D6E8D1C56BFD500D25EA7 /* Base */,
			);
			name = Main.storyboard;
			sourceTree = "<group>";
		};
		363D6E911C56BFD500D25EA7 /* LaunchScreen.storyboard */ = {
			isa = PBXVariantGroup;
			children = (
				363D6E921C56BFD500D25EA7 /* Base */,
			);
			name = LaunchScreen.storyboard;
			sourceTree = "<group>";
		};
/* End PBXVariantGroup section */

/* Begin XCBuildConfiguration section */
		363D6E951C56BFD500D25EA7 /* Debug */ = {
			isa = XCBuildConfiguration;
			buildSettings = {
				ALWAYS_SEARCH_USER_PATHS = NO;
				CLANG_CXX_LANGUAGE_STANDARD = "gnu++0x";
				CLANG_CXX_LIBRARY = "libc++";
				CLANG_ENABLE_MODULES = YES;
				CLANG_ENABLE_OBJC_ARC = YES;
				CLANG_WARN_BOOL_CONVERSION = YES;
				CLANG_WARN_CONSTANT_CONVERSION = YES;
				CLANG_WARN_DIRECT_OBJC_ISA_USAGE = YES_ERROR;
				CLANG_WARN_EMPTY_BODY = YES;
				CLANG_WARN_ENUM_CONVERSION = YES;
				CLANG_WARN_INT_CONVERSION = YES;
				CLANG_WARN_OBJC_ROOT_CLASS = YES_ERROR;
				CLANG_WARN_UNREACHABLE_CODE = YES;
				CLANG_WARN__DUPLICATE_METHOD_MATCH = YES;
				"CODE_SIGN_IDENTITY[sdk=iphoneos*]" = "iPhone Developer";
				COPY_PHASE_STRIP = NO;
				DEBUG_INFORMATION_FORMAT = dwarf;
				ENABLE_STRICT_OBJC_MSGSEND = YES;
				ENABLE_TESTABILITY = YES;
				GCC_C_LANGUAGE_STANDARD = gnu99;
				GCC_DYNAMIC_NO_PIC = NO;
				GCC_NO_COMMON_BLOCKS = YES;
				GCC_OPTIMIZATION_LEVEL = 0;
				GCC_PREPROCESSOR_DEFINITIONS = (
					"DEBUG=1",
					"$(inherited)",
				);
				GCC_WARN_64_TO_32_BIT_CONVERSION = YES;
				GCC_WARN_ABOUT_RETURN_TYPE = YES_ERROR;
				GCC_WARN_UNDECLARED_SELECTOR = YES;
				GCC_WARN_UNINITIALIZED_AUTOS = YES_AGGRESSIVE;
				GCC_WARN_UNUSED_FUNCTION = YES;
				GCC_WARN_UNUSED_VARIABLE = YES;
				IPHONEOS_DEPLOYMENT_TARGET = 9.2;
				MTL_ENABLE_DEBUG_INFO = YES;
				ONLY_ACTIVE_ARCH = YES;
				SDKROOT = iphoneos;
				SWIFT_OPTIMIZATION_LEVEL = "-Onone";
				TARGETED_DEVICE_FAMILY = "1,2";
			};
			name = Debug;
		};
		363D6E961C56BFD500D25EA7 /* Release */ = {
			isa = XCBuildConfiguration;
			buildSettings = {
				ALWAYS_SEARCH_USER_PATHS = NO;
				CLANG_CXX_LANGUAGE_STANDARD = "gnu++0x";
				CLANG_CXX_LIBRARY = "libc++";
				CLANG_ENABLE_MODULES = YES;
				CLANG_ENABLE_OBJC_ARC = YES;
				CLANG_WARN_BOOL_CONVERSION = YES;
				CLANG_WARN_CONSTANT_CONVERSION = YES;
				CLANG_WARN_DIRECT_OBJC_ISA_USAGE = YES_ERROR;
				CLANG_WARN_EMPTY_BODY = YES;
				CLANG_WARN_ENUM_CONVERSION = YES;
				CLANG_WARN_INT_CONVERSION = YES;
				CLANG_WARN_OBJC_ROOT_CLASS = YES_ERROR;
				CLANG_WARN_UNREACHABLE_CODE = YES;
				CLANG_WARN__DUPLICATE_METHOD_MATCH = YES;
				"CODE_SIGN_IDENTITY[sdk=iphoneos*]" = "iPhone Developer";
				COPY_PHASE_STRIP = NO;
				DEBUG_INFORMATION_FORMAT = "dwarf-with-dsym";
				ENABLE_NS_ASSERTIONS = NO;
				ENABLE_STRICT_OBJC_MSGSEND = YES;
				GCC_C_LANGUAGE_STANDARD = gnu99;
				GCC_NO_COMMON_BLOCKS = YES;
				GCC_WARN_64_TO_32_BIT_CONVERSION = YES;
				GCC_WARN_ABOUT_RETURN_TYPE = YES_ERROR;
				GCC_WARN_UNDECLARED_SELECTOR = YES;
				GCC_WARN_UNINITIALIZED_AUTOS = YES_AGGRESSIVE;
				GCC_WARN_UNUSED_FUNCTION = YES;
				GCC_WARN_UNUSED_VARIABLE = YES;
				IPHONEOS_DEPLOYMENT_TARGET = 9.2;
				MTL_ENABLE_DEBUG_INFO = NO;
				SDKROOT = iphoneos;
				TARGETED_DEVICE_FAMILY = "1,2";
				VALIDATE_PRODUCT = YES;
			};
			name = Release;
		};
		363D6E981C56BFD500D25EA7 /* Debug */ = {
			isa = XCBuildConfiguration;
			buildSettings = {
				ASSETCATALOG_COMPILER_APPICON_NAME = AppIcon;
				INFOPLIST_FILE = AVRecorder/Info.plist;
				LD_RUNPATH_SEARCH_PATHS = "$(inherited) @executable_path/Frameworks";
				PRODUCT_BUNDLE_IDENTIFIER = com.alexisdigital.AVRecorder;
				PRODUCT_NAME = "$(TARGET_NAME)";
			};
			name = Debug;
		};
		363D6E991C56BFD500D25EA7 /* Release */ = {
			isa = XCBuildConfiguration;
			buildSettings = {
				ASSETCATALOG_COMPILER_APPICON_NAME = AppIcon;
				INFOPLIST_FILE = AVRecorder/Info.plist;
				LD_RUNPATH_SEARCH_PATHS = "$(inherited) @executable_path/Frameworks";
				PRODUCT_BUNDLE_IDENTIFIER = com.alexisdigital.AVRecorder;
				PRODUCT_NAME = "$(TARGET_NAME)";
			};
			name = Release;
		};
/* End XCBuildConfiguration section */

/* Begin XCConfigurationList section */
		363D6E801C56BFD500D25EA7 /* Build configuration list for PBXProject "AVRecorder" */ = {
			isa = XCConfigurationList;
			buildConfigurations = (
				363D6E951C56BFD500D25EA7 /* Debug */,
				363D6E961C56BFD500D25EA7 /* Release */,
			);
			defaultConfigurationIsVisible = 0;
			defaultConfigurationName = Release;
		};
		363D6E971C56BFD500D25EA7 /* Build configuration list for PBXNativeTarget "AVRecorder" */ = {
			isa = XCConfigurationList;
			buildConfigurations = (
				363D6E981C56BFD500D25EA7 /* Debug */,
				363D6E991C56BFD500D25EA7 /* Release */,
			);
			defaultConfigurationIsVisible = 0;
			defaultConfigurationName = Release;
		};
/* End XCConfigurationList section */
	};
	rootObject = 363D6E7D1C56BFD500D25EA7 /* Project object */;
}
